// !$*UTF8*$!
{
	archiveVersion = 1;
	classes = {
	};
	objectVersion = 50;
	objects = {

/* Begin PBXBuildFile section */
		B53C11C4223FD0320083AF76 /* MusicListViewController.swift in Sources */ = {isa = PBXBuildFile; fileRef = B53C11C3223FD0320083AF76 /* MusicListViewController.swift */; };
		B59291AF223D13B000501F22 /* AppDelegate.swift in Sources */ = {isa = PBXBuildFile; fileRef = B59291AE223D13B000501F22 /* AppDelegate.swift */; };
		B59291B4223D13B000501F22 /* Main.storyboard in Resources */ = {isa = PBXBuildFile; fileRef = B59291B2223D13B000501F22 /* Main.storyboard */; };
		B59291B6223D13B000501F22 /* Assets.xcassets in Resources */ = {isa = PBXBuildFile; fileRef = B59291B5223D13B000501F22 /* Assets.xcassets */; };
		B59291B9223D13B000501F22 /* LaunchScreen.storyboard in Resources */ = {isa = PBXBuildFile; fileRef = B59291B7223D13B000501F22 /* LaunchScreen.storyboard */; };
		B59291C5223D13D100501F22 /* 不将就.mp3 in Resources */ = {isa = PBXBuildFile; fileRef = B59291C1223D13CF00501F22 /* 不将就.mp3 */; };
		B59291C6223D13D100501F22 /* 曹操.mp3 in Resources */ = {isa = PBXBuildFile; fileRef = B59291C2223D13D000501F22 /* 曹操.mp3 */; };
		B59291C7223D13D100501F22 /* 孤岛.mp3 in Resources */ = {isa = PBXBuildFile; fileRef = B59291C3223D13D000501F22 /* 孤岛.mp3 */; };
		B59291C8223D13D100501F22 /* 2U.mp3 in Resources */ = {isa = PBXBuildFile; fileRef = B59291C4223D13D100501F22 /* 2U.mp3 */; };
		B59291EB223D17D400501F22 /* AVFoundation.framework in Frameworks */ = {isa = PBXBuildFile; fileRef = B59291EA223D17D400501F22 /* AVFoundation.framework */; };
		B59291ED223D182D00501F22 /* MusicPlayer.swift in Sources */ = {isa = PBXBuildFile; fileRef = B59291EC223D182D00501F22 /* MusicPlayer.swift */; };
		B59291F1223D186600501F22 /* MusicUI.swift in Sources */ = {isa = PBXBuildFile; fileRef = B59291F0223D186600501F22 /* MusicUI.swift */; };
		B59291FA223D39DD00501F22 /* 2U.jpg in Resources */ = {isa = PBXBuildFile; fileRef = B59291F6223D39DD00501F22 /* 2U.jpg */; };
		B59291FB223D39DD00501F22 /* 曹操.jpg in Resources */ = {isa = PBXBuildFile; fileRef = B59291F7223D39DD00501F22 /* 曹操.jpg */; };
		B59291FC223D39DD00501F22 /* 不将就.jpg in Resources */ = {isa = PBXBuildFile; fileRef = B59291F8223D39DD00501F22 /* 不将就.jpg */; };
		B59291FD223D39DD00501F22 /* 孤岛.jpg in Resources */ = {isa = PBXBuildFile; fileRef = B59291F9223D39DD00501F22 /* 孤岛.jpg */; };
		B5929201223D48E400501F22 /* MusicModel.swift in Sources */ = {isa = PBXBuildFile; fileRef = B5929200223D48E400501F22 /* MusicModel.swift */; };
		B5929203223DF74600501F22 /* FavoriteSongsTable.swift in Sources */ = {isa = PBXBuildFile; fileRef = B5929202223DF74600501F22 /* FavoriteSongsTable.swift */; };
		B5B0CC2422408A49000E8972 /* CustomTabbarController.swift in Sources */ = {isa = PBXBuildFile; fileRef = B5B0CC2322408A49000E8972 /* CustomTabbarController.swift */; };
		B5B0CC2822408B0D000E8972 /* CustomMusicPlayerController.swift in Sources */ = {isa = PBXBuildFile; fileRef = B5B0CC2722408B0D000E8972 /* CustomMusicPlayerController.swift */; };
		B5B0CC2A2240AF5E000E8972 /* 粤语.jpg in Resources */ = {isa = PBXBuildFile; fileRef = B5B0CC292240AF5E000E8972 /* 粤语.jpg */; };
		B5B0CC2C2240B4CC000E8972 /* 抖音.jpg in Resources */ = {isa = PBXBuildFile; fileRef = B5B0CC2B2240B4CC000E8972 /* 抖音.jpg */; };
		B5B0CC2E2240BBFF000E8972 /* CommentsTableViewController.swift in Sources */ = {isa = PBXBuildFile; fileRef = B5B0CC2D2240BBFF000E8972 /* CommentsTableViewController.swift */; };
/* End PBXBuildFile section */

/* Begin PBXFileReference section */
		B53C11C3223FD0320083AF76 /* MusicListViewController.swift */ = {isa = PBXFileReference; lastKnownFileType = sourcecode.swift; path = MusicListViewController.swift; sourceTree = "<group>"; };
		B59291AB223D13B000501F22 /* Music.app */ = {isa = PBXFileReference; explicitFileType = wrapper.application; includeInIndex = 0; path = Music.app; sourceTree = BUILT_PRODUCTS_DIR; };
		B59291AE223D13B000501F22 /* AppDelegate.swift */ = {isa = PBXFileReference; lastKnownFileType = sourcecode.swift; path = AppDelegate.swift; sourceTree = "<group>"; };
		B59291B3223D13B000501F22 /* Base */ = {isa = PBXFileReference; lastKnownFileType = file.storyboard; name = Base; path = Base.lproj/Main.storyboard; sourceTree = "<group>"; };
		B59291B5223D13B000501F22 /* Assets.xcassets */ = {isa = PBXFileReference; lastKnownFileType = folder.assetcatalog; path = Assets.xcassets; sourceTree = "<group>"; };
		B59291B8223D13B000501F22 /* Base */ = {isa = PBXFileReference; lastKnownFileType = file.storyboard; name = Base; path = Base.lproj/LaunchScreen.storyboard; sourceTree = "<group>"; };
		B59291BA223D13B000501F22 /* Info.plist */ = {isa = PBXFileReference; lastKnownFileType = text.plist.xml; path = Info.plist; sourceTree = "<group>"; };
		B59291C1223D13CF00501F22 /* 不将就.mp3 */ = {isa = PBXFileReference; lastKnownFileType = audio.mp3; path = "不将就.mp3"; sourceTree = "<group>"; };
		B59291C2223D13D000501F22 /* 曹操.mp3 */ = {isa = PBXFileReference; lastKnownFileType = audio.mp3; path = "曹操.mp3"; sourceTree = "<group>"; };
		B59291C3223D13D000501F22 /* 孤岛.mp3 */ = {isa = PBXFileReference; lastKnownFileType = audio.mp3; path = "孤岛.mp3"; sourceTree = "<group>"; };
		B59291C4223D13D100501F22 /* 2U.mp3 */ = {isa = PBXFileReference; lastKnownFileType = audio.mp3; path = 2U.mp3; sourceTree = "<group>"; };
		B59291EA223D17D400501F22 /* AVFoundation.framework */ = {isa = PBXFileReference; lastKnownFileType = wrapper.framework; name = AVFoundation.framework; path = System/Library/Frameworks/AVFoundation.framework; sourceTree = SDKROOT; };
		B59291EC223D182D00501F22 /* MusicPlayer.swift */ = {isa = PBXFileReference; lastKnownFileType = sourcecode.swift; path = MusicPlayer.swift; sourceTree = "<group>"; };
		B59291F0223D186600501F22 /* MusicUI.swift */ = {isa = PBXFileReference; lastKnownFileType = sourcecode.swift; path = MusicUI.swift; sourceTree = "<group>"; };
		B59291F6223D39DD00501F22 /* 2U.jpg */ = {isa = PBXFileReference; lastKnownFileType = image.jpeg; path = 2U.jpg; sourceTree = "<group>"; };
		B59291F7223D39DD00501F22 /* 曹操.jpg */ = {isa = PBXFileReference; lastKnownFileType = image.jpeg; path = "曹操.jpg"; sourceTree = "<group>"; };
		B59291F8223D39DD00501F22 /* 不将就.jpg */ = {isa = PBXFileReference; lastKnownFileType = image.jpeg; path = "不将就.jpg"; sourceTree = "<group>"; };
		B59291F9223D39DD00501F22 /* 孤岛.jpg */ = {isa = PBXFileReference; lastKnownFileType = image.jpeg; path = "孤岛.jpg"; sourceTree = "<group>"; };
		B5929200223D48E400501F22 /* MusicModel.swift */ = {isa = PBXFileReference; lastKnownFileType = sourcecode.swift; path = MusicModel.swift; sourceTree = "<group>"; };
		B5929202223DF74600501F22 /* FavoriteSongsTable.swift */ = {isa = PBXFileReference; lastKnownFileType = sourcecode.swift; path = FavoriteSongsTable.swift; sourceTree = "<group>"; };
		B5B0CC2322408A49000E8972 /* CustomTabbarController.swift */ = {isa = PBXFileReference; lastKnownFileType = sourcecode.swift; path = CustomTabbarController.swift; sourceTree = "<group>"; };
		B5B0CC2722408B0D000E8972 /* CustomMusicPlayerController.swift */ = {isa = PBXFileReference; lastKnownFileType = sourcecode.swift; path = CustomMusicPlayerController.swift; sourceTree = "<group>"; };
		B5B0CC292240AF5E000E8972 /* 粤语.jpg */ = {isa = PBXFileReference; lastKnownFileType = image.jpeg; path = "粤语.jpg"; sourceTree = "<group>"; };
		B5B0CC2B2240B4CC000E8972 /* 抖音.jpg */ = {isa = PBXFileReference; lastKnownFileType = image.jpeg; path = "抖音.jpg"; sourceTree = "<group>"; };
		B5B0CC2D2240BBFF000E8972 /* CommentsTableViewController.swift */ = {isa = PBXFileReference; lastKnownFileType = sourcecode.swift; path = CommentsTableViewController.swift; sourceTree = "<group>"; };
/* End PBXFileReference section */

/* Begin PBXFrameworksBuildPhase section */
		B59291A8223D13B000501F22 /* Frameworks */ = {
			isa = PBXFrameworksBuildPhase;
			buildActionMask = 2147483647;
			files = (
				B59291EB223D17D400501F22 /* AVFoundation.framework in Frameworks */,
			);
			runOnlyForDeploymentPostprocessing = 0;
		};
/* End PBXFrameworksBuildPhase section */

/* Begin PBXGroup section */
		B59291A2223D13B000501F22 = {
			isa = PBXGroup;
			children = (
				B59291AD223D13B000501F22 /* Music */,
				B59291AC223D13B000501F22 /* Products */,
				B59291E9223D17D400501F22 /* Frameworks */,
			);
			sourceTree = "<group>";
		};
		B59291AC223D13B000501F22 /* Products */ = {
			isa = PBXGroup;
			children = (
				B59291AB223D13B000501F22 /* Music.app */,
			);
			name = Products;
			sourceTree = "<group>";
		};
		B59291AD223D13B000501F22 /* Music */ = {
			isa = PBXGroup;
			children = (
				B59291C0223D13C000501F22 /* Supporting files */,
				B59291B2223D13B000501F22 /* Main.storyboard */,
				B5B0CC2322408A49000E8972 /* CustomTabbarController.swift */,
				B5B0CC2D2240BBFF000E8972 /* CommentsTableViewController.swift */,
				B5B0CC2722408B0D000E8972 /* CustomMusicPlayerController.swift */,
				B53C11C3223FD0320083AF76 /* MusicListViewController.swift */,
				B5929200223D48E400501F22 /* MusicModel.swift */,
				B59291EC223D182D00501F22 /* MusicPlayer.swift */,
				B5929202223DF74600501F22 /* FavoriteSongsTable.swift */,
				B59291F0223D186600501F22 /* MusicUI.swift */,
				B59291B5223D13B000501F22 /* Assets.xcassets */,
				B59291BA223D13B000501F22 /* Info.plist */,
			);
			path = Music;
			sourceTree = "<group>";
		};
		B59291C0223D13C000501F22 /* Supporting files */ = {
			isa = PBXGroup;
			children = (
				B5B0CC2B2240B4CC000E8972 /* 抖音.jpg */,
				B59291F6223D39DD00501F22 /* 2U.jpg */,
				B59291F8223D39DD00501F22 /* 不将就.jpg */,
				B59291F7223D39DD00501F22 /* 曹操.jpg */,
				B59291F9223D39DD00501F22 /* 孤岛.jpg */,
				B5B0CC292240AF5E000E8972 /* 粤语.jpg */,
				B59291C2223D13D000501F22 /* 曹操.mp3 */,
				B59291C1223D13CF00501F22 /* 不将就.mp3 */,
				B59291C3223D13D000501F22 /* 孤岛.mp3 */,
				B59291C4223D13D100501F22 /* 2U.mp3 */,
				B59291AE223D13B000501F22 /* AppDelegate.swift */,
				B59291B7223D13B000501F22 /* LaunchScreen.storyboard */,
			);
			path = "Supporting files";
			sourceTree = "<group>";
		};
		B59291E9223D17D400501F22 /* Frameworks */ = {
			isa = PBXGroup;
			children = (
				B59291EA223D17D400501F22 /* AVFoundation.framework */,
			);
			name = Frameworks;
			sourceTree = "<group>";
		};
/* End PBXGroup section */

/* Begin PBXNativeTarget section */
		B59291AA223D13B000501F22 /* Music */ = {
			isa = PBXNativeTarget;
			buildConfigurationList = B59291BD223D13B000501F22 /* Build configuration list for PBXNativeTarget "Music" */;
			buildPhases = (
				B59291A7223D13B000501F22 /* Sources */,
				B59291A8223D13B000501F22 /* Frameworks */,
				B59291A9223D13B000501F22 /* Resources */,
			);
			buildRules = (
			);
			dependencies = (
			);
			name = Music;
			productName = Music;
			productReference = B59291AB223D13B000501F22 /* Music.app */;
			productType = "com.apple.product-type.application";
		};
/* End PBXNativeTarget section */

/* Begin PBXProject section */
		B59291A3223D13B000501F22 /* Project object */ = {
			isa = PBXProject;
			attributes = {
				LastSwiftUpdateCheck = 1000;
				LastUpgradeCheck = 1000;
				ORGANIZATIONNAME = "无敌帅的yyyy";
				TargetAttributes = {
					B59291AA223D13B000501F22 = {
						CreatedOnToolsVersion = 10.0;
					};
				};
			};
			buildConfigurationList = B59291A6223D13B000501F22 /* Build configuration list for PBXProject "Music" */;
			compatibilityVersion = "Xcode 9.3";
			developmentRegion = en;
			hasScannedForEncodings = 0;
			knownRegions = (
				en,
				Base,
			);
			mainGroup = B59291A2223D13B000501F22;
			productRefGroup = B59291AC223D13B000501F22 /* Products */;
			projectDirPath = "";
			projectRoot = "";
			targets = (
				B59291AA223D13B000501F22 /* Music */,
			);
		};
/* End PBXProject section */

/* Begin PBXResourcesBuildPhase section */
		B59291A9223D13B000501F22 /* Resources */ = {
			isa = PBXResourcesBuildPhase;
			buildActionMask = 2147483647;
			files = (
				B5B0CC2C2240B4CC000E8972 /* 抖音.jpg in Resources */,
				B59291C6223D13D100501F22 /* 曹操.mp3 in Resources */,
				B59291B9223D13B000501F22 /* LaunchScreen.storyboard in Resources */,
				B5B0CC2A2240AF5E000E8972 /* 粤语.jpg in Resources */,
				B59291B6223D13B000501F22 /* Assets.xcassets in Resources */,
				B59291C8223D13D100501F22 /* 2U.mp3 in Resources */,
				B59291FC223D39DD00501F22 /* 不将就.jpg in Resources */,
				B59291FA223D39DD00501F22 /* 2U.jpg in Resources */,
				B59291C5223D13D100501F22 /* 不将就.mp3 in Resources */,
				B59291FD223D39DD00501F22 /* 孤岛.jpg in Resources */,
				B59291FB223D39DD00501F22 /* 曹操.jpg in Resources */,
				B59291C7223D13D100501F22 /* 孤岛.mp3 in Resources */,
				B59291B4223D13B000501F22 /* Main.storyboard in Resources */,
			);
			runOnlyForDeploymentPostprocessing = 0;
		};
/* End PBXResourcesBuildPhase section */

/* Begin PBXSourcesBuildPhase section */
		B59291A7223D13B000501F22 /* Sources */ = {
			isa = PBXSourcesBuildPhase;
			buildActionMask = 2147483647;
			files = (
				B59291AF223D13B000501F22 /* AppDelegate.swift in Sources */,
				B5929203223DF74600501F22 /* FavoriteSongsTable.swift in Sources */,
				B59291ED223D182D00501F22 /* MusicPlayer.swift in Sources */,
				B5B0CC2822408B0D000E8972 /* CustomMusicPlayerController.swift in Sources */,
				B5929201223D48E400501F22 /* MusicModel.swift in Sources */,
				B5B0CC2422408A49000E8972 /* CustomTabbarController.swift in Sources */,
				B59291F1223D186600501F22 /* MusicUI.swift in Sources */,
				B53C11C4223FD0320083AF76 /* MusicListViewController.swift in Sources */,
				B5B0CC2E2240BBFF000E8972 /* CommentsTableViewController.swift in Sources */,
			);
			runOnlyForDeploymentPostprocessing = 0;
		};
/* End PBXSourcesBuildPhase section */

/* Begin PBXVariantGroup section */
		B59291B2223D13B000501F22 /* Main.storyboard */ = {
			isa = PBXVariantGroup;
			children = (
				B59291B3223D13B000501F22 /* Base */,
			);
			name = Main.storyboard;
			sourceTree = "<group>";
		};
		B59291B7223D13B000501F22 /* LaunchScreen.storyboard */ = {
			isa = PBXVariantGroup;
			children = (
				B59291B8223D13B000501F22 /* Base */,
			);
			name = LaunchScreen.storyboard;
			sourceTree = "<group>";
		};
/* End PBXVariantGroup section */

/* Begin XCBuildConfiguration section */
		B59291BB223D13B000501F22 /* Debug */ = {
			isa = XCBuildConfiguration;
			buildSettings = {
				ALWAYS_SEARCH_USER_PATHS = NO;
				CLANG_ANALYZER_NONNULL = YES;
				CLANG_ANALYZER_NUMBER_OBJECT_CONVERSION = YES_AGGRESSIVE;
				CLANG_CXX_LANGUAGE_STANDARD = "gnu++14";
				CLANG_CXX_LIBRARY = "libc++";
				CLANG_ENABLE_MODULES = YES;
				CLANG_ENABLE_OBJC_ARC = YES;
				CLANG_ENABLE_OBJC_WEAK = YES;
				CLANG_WARN_BLOCK_CAPTURE_AUTORELEASING = YES;
				CLANG_WARN_BOOL_CONVERSION = YES;
				CLANG_WARN_COMMA = YES;
				CLANG_WARN_CONSTANT_CONVERSION = YES;
				CLANG_WARN_DEPRECATED_OBJC_IMPLEMENTATIONS = YES;
				CLANG_WARN_DIRECT_OBJC_ISA_USAGE = YES_ERROR;
				CLANG_WARN_DOCUMENTATION_COMMENTS = YES;
				CLANG_WARN_EMPTY_BODY = YES;
				CLANG_WARN_ENUM_CONVERSION = YES;
				CLANG_WARN_INFINITE_RECURSION = YES;
				CLANG_WARN_INT_CONVERSION = YES;
				CLANG_WARN_NON_LITERAL_NULL_CONVERSION = YES;
				CLANG_WARN_OBJC_IMPLICIT_RETAIN_SELF = YES;
				CLANG_WARN_OBJC_LITERAL_CONVERSION = YES;
				CLANG_WARN_OBJC_ROOT_CLASS = YES_ERROR;
				CLANG_WARN_RANGE_LOOP_ANALYSIS = YES;
				CLANG_WARN_STRICT_PROTOTYPES = YES;
				CLANG_WARN_SUSPICIOUS_MOVE = YES;
				CLANG_WARN_UNGUARDED_AVAILABILITY = YES_AGGRESSIVE;
				CLANG_WARN_UNREACHABLE_CODE = YES;
				CLANG_WARN__DUPLICATE_METHOD_MATCH = YES;
				CODE_SIGN_IDENTITY = "iPhone Developer";
				COPY_PHASE_STRIP = NO;
				DEBUG_INFORMATION_FORMAT = dwarf;
				ENABLE_STRICT_OBJC_MSGSEND = YES;
				ENABLE_TESTABILITY = YES;
				GCC_C_LANGUAGE_STANDARD = gnu11;
				GCC_DYNAMIC_NO_PIC = NO;
				GCC_NO_COMMON_BLOCKS = YES;
				GCC_OPTIMIZATION_LEVEL = 0;
				GCC_PREPROCESSOR_DEFINITIONS = (
					"DEBUG=1",
					"$(inherited)",
				);
				GCC_WARN_64_TO_32_BIT_CONVERSION = YES;
				GCC_WARN_ABOUT_RETURN_TYPE = YES_ERROR;
				GCC_WARN_UNDECLARED_SELECTOR = YES;
				GCC_WARN_UNINITIALIZED_AUTOS = YES_AGGRESSIVE;
				GCC_WARN_UNUSED_FUNCTION = YES;
				GCC_WARN_UNUSED_VARIABLE = YES;
				IPHONEOS_DEPLOYMENT_TARGET = 12.0;
				MTL_ENABLE_DEBUG_INFO = INCLUDE_SOURCE;
				MTL_FAST_MATH = YES;
				ONLY_ACTIVE_ARCH = YES;
				SDKROOT = iphoneos;
				SWIFT_ACTIVE_COMPILATION_CONDITIONS = DEBUG;
				SWIFT_OPTIMIZATION_LEVEL = "-Onone";
			};
			name = Debug;
		};
		B59291BC223D13B000501F22 /* Release */ = {
			isa = XCBuildConfiguration;
			buildSettings = {
				ALWAYS_SEARCH_USER_PATHS = NO;
				CLANG_ANALYZER_NONNULL = YES;
				CLANG_ANALYZER_NUMBER_OBJECT_CONVERSION = YES_AGGRESSIVE;
				CLANG_CXX_LANGUAGE_STANDARD = "gnu++14";
				CLANG_CXX_LIBRARY = "libc++";
				CLANG_ENABLE_MODULES = YES;
				CLANG_ENABLE_OBJC_ARC = YES;
				CLANG_ENABLE_OBJC_WEAK = YES;
				CLANG_WARN_BLOCK_CAPTURE_AUTORELEASING = YES;
				CLANG_WARN_BOOL_CONVERSION = YES;
				CLANG_WARN_COMMA = YES;
				CLANG_WARN_CONSTANT_CONVERSION = YES;
				CLANG_WARN_DEPRECATED_OBJC_IMPLEMENTATIONS = YES;
				CLANG_WARN_DIRECT_OBJC_ISA_USAGE = YES_ERROR;
				CLANG_WARN_DOCUMENTATION_COMMENTS = YES;
				CLANG_WARN_EMPTY_BODY = YES;
				CLANG_WARN_ENUM_CONVERSION = YES;
				CLANG_WARN_INFINITE_RECURSION = YES;
				CLANG_WARN_INT_CONVERSION = YES;
				CLANG_WARN_NON_LITERAL_NULL_CONVERSION = YES;
				CLANG_WARN_OBJC_IMPLICIT_RETAIN_SELF = YES;
				CLANG_WARN_OBJC_LITERAL_CONVERSION = YES;
				CLANG_WARN_OBJC_ROOT_CLASS = YES_ERROR;
				CLANG_WARN_RANGE_LOOP_ANALYSIS = YES;
				CLANG_WARN_STRICT_PROTOTYPES = YES;
				CLANG_WARN_SUSPICIOUS_MOVE = YES;
				CLANG_WARN_UNGUARDED_AVAILABILITY = YES_AGGRESSIVE;
				CLANG_WARN_UNREACHABLE_CODE = YES;
				CLANG_WARN__DUPLICATE_METHOD_MATCH = YES;
				CODE_SIGN_IDENTITY = "iPhone Developer";
				COPY_PHASE_STRIP = NO;
				DEBUG_INFORMATION_FORMAT = "dwarf-with-dsym";
				ENABLE_NS_ASSERTIONS = NO;
				ENABLE_STRICT_OBJC_MSGSEND = YES;
				GCC_C_LANGUAGE_STANDARD = gnu11;
				GCC_NO_COMMON_BLOCKS = YES;
				GCC_WARN_64_TO_32_BIT_CONVERSION = YES;
				GCC_WARN_ABOUT_RETURN_TYPE = YES_ERROR;
				GCC_WARN_UNDECLARED_SELECTOR = YES;
				GCC_WARN_UNINITIALIZED_AUTOS = YES_AGGRESSIVE;
				GCC_WARN_UNUSED_FUNCTION = YES;
				GCC_WARN_UNUSED_VARIABLE = YES;
				IPHONEOS_DEPLOYMENT_TARGET = 12.0;
				MTL_ENABLE_DEBUG_INFO = NO;
				MTL_FAST_MATH = YES;
				SDKROOT = iphoneos;
				SWIFT_COMPILATION_MODE = wholemodule;
				SWIFT_OPTIMIZATION_LEVEL = "-O";
				VALIDATE_PRODUCT = YES;
			};
			name = Release;
		};
		B59291BE223D13B000501F22 /* Debug */ = {
			isa = XCBuildConfiguration;
			buildSettings = {
				ASSETCATALOG_COMPILER_APPICON_NAME = AppIcon;
				CODE_SIGN_STYLE = Automatic;
				DEVELOPMENT_TEAM = 8L7M35DL93;
				INFOPLIST_FILE = Music/Info.plist;
				IPHONEOS_DEPLOYMENT_TARGET = 11.0;
				LD_RUNPATH_SEARCH_PATHS = (
					"$(inherited)",
					"@executable_path/Frameworks",
				);
				PRODUCT_BUNDLE_IDENTIFIER = tony2.Music;
				PRODUCT_NAME = "$(TARGET_NAME)";
				SWIFT_VERSION = 4.2;
				TARGETED_DEVICE_FAMILY = "1,2";
			};
			name = Debug;
		};
		B59291BF223D13B000501F22 /* Release */ = {
			isa = XCBuildConfiguration;
			buildSettings = {
				ASSETCATALOG_COMPILER_APPICON_NAME = AppIcon;
				CODE_SIGN_STYLE = Automatic;
				DEVELOPMENT_TEAM = 8L7M35DL93;
				INFOPLIST_FILE = Music/Info.plist;
				IPHONEOS_DEPLOYMENT_TARGET = 11.0;
				LD_RUNPATH_SEARCH_PATHS = (
					"$(inherited)",
					"@executable_path/Frameworks",
				);
				PRODUCT_BUNDLE_IDENTIFIER = tony2.Music;
				PRODUCT_NAME = "$(TARGET_NAME)";
				SWIFT_VERSION = 4.2;
				TARGETED_DEVICE_FAMILY = "1,2";
			};
			name = Release;
		};
/* End XCBuildConfiguration section */

/* Begin XCConfigurationList section */
		B59291A6223D13B000501F22 /* Build configuration list for PBXProject "Music" */ = {
			isa = XCConfigurationList;
			buildConfigurations = (
				B59291BB223D13B000501F22 /* Debug */,
				B59291BC223D13B000501F22 /* Release */,
			);
			defaultConfigurationIsVisible = 0;
			defaultConfigurationName = Release;
		};
		B59291BD223D13B000501F22 /* Build configuration list for PBXNativeTarget "Music" */ = {
			isa = XCConfigurationList;
			buildConfigurations = (
				B59291BE223D13B000501F22 /* Debug */,
				B59291BF223D13B000501F22 /* Release */,
			);
			defaultConfigurationIsVisible = 0;
			defaultConfigurationName = Release;
		};
/* End XCConfigurationList section */
	};
	rootObject = B59291A3223D13B000501F22 /* Project object */;
}
