// !$*UTF8*$!
{
	archiveVersion = 1;
	classes = {
	};
	objectVersion = 50;
	objects = {

/* Begin PBXBuildFile section */
		B53C11C4223FD0320083AF76 /* MusicListViewController.swift in Sources */ = {isa = PBXBuildFile; fileRef = B53C11C3223FD0320083AF76 /* MusicListViewController.swift */; };
		B59291AF223D13B000501F22 /* AppDelegate.swift in Sources */ = {isa = PBXBuildFile; fileRef = B59291AE223D13B000501F22 /* AppDelegate.swift */; };
		B59291B4223D13B000501F22 /* Main.storyboard in Resources */ = {isa = PBXBuildFile; fileRef = B59291B2223D13B000501F22 /* Main.storyboard */; };
		B59291B6223D13B000501F22 /* Assets.xcassets in Resources */ = {isa = PBXBuildFile; fileRef = B59291B5223D13B000501F22 /* Assets.xcassets */; };
		B59291B9223D13B000501F22 /* LaunchScreen.storyboard in Resources */ = {isa = PBXBuildFile; fileRef = B59291B7223D13B000501F22 /* LaunchScreen.storyboard */; };
		B59291C5223D13D100501F22 /* 不将就.mp3 in Resources */ = {isa = PBXBuildFile; fileRef = B59291C1223D13CF00501F22 /* 不将就.mp3 */; };
		B59291C6223D13D100501F22 /* 曹操.mp3 in Resources */ = {isa = PBXBuildFile; fileRef = B59291C2223D13D000501F22 /* 曹操.mp3 */; };
		B59291C7223D13D100501F22 /* 孤岛.mp3 in Resources */ = {isa = PBXBuildFile; fileRef = B59291C3223D13D000501F22 /* 孤岛.mp3 */; };
		B59291C8223D13D100501F22 /* 2U.mp3 in Resources */ = {isa = PBXBuildFile; fileRef = B59291C4223D13D100501F22 /* 2U.mp3 */; };
		B59291EB223D17D400501F22 /* AVFoundation.framework in Frameworks */ = {isa = PBXBuildFile; fileRef = B59291EA223D17D400501F22 /* AVFoundation.framework */; };
		B59291ED223D182D00501F22 /* MusicPlayer.swift in Sources */ = {isa = PBXBuildFile; fileRef = B59291EC223D182D00501F22 /* MusicPlayer.swift */; };
		B5929201223D48E400501F22 /* MusicModel.swift in Sources */ = {isa = PBXBuildFile; fileRef = B5929200223D48E400501F22 /* MusicModel.swift */; };
		B5929203223DF74600501F22 /* FavoriteSongsTable.swift in Sources */ = {isa = PBXBuildFile; fileRef = B5929202223DF74600501F22 /* FavoriteSongsTable.swift */; };
		B5B0CC2822408B0D000E8972 /* CustomMusicPlayerController.swift in Sources */ = {isa = PBXBuildFile; fileRef = B5B0CC2722408B0D000E8972 /* CustomMusicPlayerController.swift */; };
		B5B0CC2E2240BBFF000E8972 /* CommentsTableViewController.swift in Sources */ = {isa = PBXBuildFile; fileRef = B5B0CC2D2240BBFF000E8972 /* CommentsTableViewController.swift */; };
		B5B0CC302241F71B000E8972 /* HistoryRecordTableViewController.swift in Sources */ = {isa = PBXBuildFile; fileRef = B5B0CC2F2241F71B000E8972 /* HistoryRecordTableViewController.swift */; };
		B5B0CC34224234FF000E8972 /* Tools.swift in Sources */ = {isa = PBXBuildFile; fileRef = B5B0CC33224234FF000E8972 /* Tools.swift */; };
		B5EE3277224370F200D5659C /* 曹操.jpg in Resources */ = {isa = PBXBuildFile; fileRef = B5EE3276224370F200D5659C /* 曹操.jpg */; };
		B5EE327B2243721200D5659C /* 孤岛.jpg in Resources */ = {isa = PBXBuildFile; fileRef = B5EE32782243721200D5659C /* 孤岛.jpg */; };
		B5EE327C2243721200D5659C /* 不将就.jpg in Resources */ = {isa = PBXBuildFile; fileRef = B5EE32792243721200D5659C /* 不将就.jpg */; };
		B5EE327D2243721200D5659C /* 2U.jpg in Resources */ = {isa = PBXBuildFile; fileRef = B5EE327A2243721200D5659C /* 2U.jpg */; };
		B5EE32822243A6E500D5659C /* 粤语.jpg in Resources */ = {isa = PBXBuildFile; fileRef = B5EE32802243A6E500D5659C /* 粤语.jpg */; };
		B5EE32832243A6E500D5659C /* 抖音.jpg in Resources */ = {isa = PBXBuildFile; fileRef = B5EE32812243A6E500D5659C /* 抖音.jpg */; };
		B5EE32862243A73F00D5659C /* 粤语2.jpg in Resources */ = {isa = PBXBuildFile; fileRef = B5EE32842243A73F00D5659C /* 粤语2.jpg */; };
		B5EE32872243A73F00D5659C /* 抖音2.jpg in Resources */ = {isa = PBXBuildFile; fileRef = B5EE32852243A73F00D5659C /* 抖音2.jpg */; };
		B5EE328A2243AF7A00D5659C /* 地球.jpg in Resources */ = {isa = PBXBuildFile; fileRef = B5EE32882243AF7A00D5659C /* 地球.jpg */; };
		B5EE328B2243AF7A00D5659C /* 星空背景.jpg in Resources */ = {isa = PBXBuildFile; fileRef = B5EE32892243AF7A00D5659C /* 星空背景.jpg */; };
		B5EE32A12243B12800D5659C /* MOBFoundation.framework in Frameworks */ = {isa = PBXBuildFile; fileRef = B5EE328D2243B12800D5659C /* MOBFoundation.framework */; };
		B5EE32A22243B12800D5659C /* README.txt in Resources */ = {isa = PBXBuildFile; fileRef = B5EE32942243B12800D5659C /* README.txt */; };
		B5EE32A32243B12800D5659C /* libWeChatSDK.a in Frameworks */ = {isa = PBXBuildFile; fileRef = B5EE32962243B12800D5659C /* libWeChatSDK.a */; };
		B5EE32A42243B12800D5659C /* ShareSDKConnector.framework in Frameworks */ = {isa = PBXBuildFile; fileRef = B5EE32982243B12800D5659C /* ShareSDKConnector.framework */; };
		B5EE32A52243B12800D5659C /* ShareSDK.bundle in Resources */ = {isa = PBXBuildFile; fileRef = B5EE32992243B12800D5659C /* ShareSDK.bundle */; };
		B5EE32A62243B12800D5659C /* ShareSDKUI.bundle in Resources */ = {isa = PBXBuildFile; fileRef = B5EE329B2243B12800D5659C /* ShareSDKUI.bundle */; };
		B5EE32A72243B12800D5659C /* ShareSDKExtension.framework in Frameworks */ = {isa = PBXBuildFile; fileRef = B5EE329C2243B12800D5659C /* ShareSDKExtension.framework */; };
		B5EE32A82243B12800D5659C /* ShareSDKUI.framework in Frameworks */ = {isa = PBXBuildFile; fileRef = B5EE329D2243B12800D5659C /* ShareSDKUI.framework */; };
		B5EE32A92243B12800D5659C /* WechatConnector.framework in Frameworks */ = {isa = PBXBuildFile; fileRef = B5EE329F2243B12800D5659C /* WechatConnector.framework */; };
		B5EE32AA2243B12800D5659C /* ShareSDK.framework in Frameworks */ = {isa = PBXBuildFile; fileRef = B5EE32A02243B12800D5659C /* ShareSDK.framework */; };
		B5EE32AC2243B17700D5659C /* libicucore.tbd in Frameworks */ = {isa = PBXBuildFile; fileRef = B5EE32AB2243B17700D5659C /* libicucore.tbd */; };
		B5EE32AE2243B18400D5659C /* libz.tbd in Frameworks */ = {isa = PBXBuildFile; fileRef = B5EE32AD2243B18400D5659C /* libz.tbd */; };
		B5EE32B02243B19600D5659C /* libc++.tbd in Frameworks */ = {isa = PBXBuildFile; fileRef = B5EE32AF2243B19600D5659C /* libc++.tbd */; };
		B5EE32B22243B1A200D5659C /* JavaScriptCore.framework in Frameworks */ = {isa = PBXBuildFile; fileRef = B5EE32B12243B1A200D5659C /* JavaScriptCore.framework */; };
/* End PBXBuildFile section */

/* Begin PBXFileReference section */
		B53C11C3223FD0320083AF76 /* MusicListViewController.swift */ = {isa = PBXFileReference; lastKnownFileType = sourcecode.swift; path = MusicListViewController.swift; sourceTree = "<group>"; };
		B59291AB223D13B000501F22 /* Music.app */ = {isa = PBXFileReference; explicitFileType = wrapper.application; includeInIndex = 0; path = Music.app; sourceTree = BUILT_PRODUCTS_DIR; };
		B59291AE223D13B000501F22 /* AppDelegate.swift */ = {isa = PBXFileReference; lastKnownFileType = sourcecode.swift; path = AppDelegate.swift; sourceTree = "<group>"; };
		B59291B3223D13B000501F22 /* Base */ = {isa = PBXFileReference; lastKnownFileType = file.storyboard; name = Base; path = Base.lproj/Main.storyboard; sourceTree = "<group>"; };
		B59291B5223D13B000501F22 /* Assets.xcassets */ = {isa = PBXFileReference; lastKnownFileType = folder.assetcatalog; path = Assets.xcassets; sourceTree = "<group>"; };
		B59291B8223D13B000501F22 /* Base */ = {isa = PBXFileReference; lastKnownFileType = file.storyboard; name = Base; path = Base.lproj/LaunchScreen.storyboard; sourceTree = "<group>"; };
		B59291BA223D13B000501F22 /* Info.plist */ = {isa = PBXFileReference; lastKnownFileType = text.plist.xml; path = Info.plist; sourceTree = "<group>"; };
		B59291C1223D13CF00501F22 /* 不将就.mp3 */ = {isa = PBXFileReference; lastKnownFileType = audio.mp3; path = "不将就.mp3"; sourceTree = "<group>"; };
		B59291C2223D13D000501F22 /* 曹操.mp3 */ = {isa = PBXFileReference; lastKnownFileType = audio.mp3; path = "曹操.mp3"; sourceTree = "<group>"; };
		B59291C3223D13D000501F22 /* 孤岛.mp3 */ = {isa = PBXFileReference; lastKnownFileType = audio.mp3; path = "孤岛.mp3"; sourceTree = "<group>"; };
		B59291C4223D13D100501F22 /* 2U.mp3 */ = {isa = PBXFileReference; lastKnownFileType = audio.mp3; path = 2U.mp3; sourceTree = "<group>"; };
		B59291EA223D17D400501F22 /* AVFoundation.framework */ = {isa = PBXFileReference; lastKnownFileType = wrapper.framework; name = AVFoundation.framework; path = System/Library/Frameworks/AVFoundation.framework; sourceTree = SDKROOT; };
		B59291EC223D182D00501F22 /* MusicPlayer.swift */ = {isa = PBXFileReference; lastKnownFileType = sourcecode.swift; path = MusicPlayer.swift; sourceTree = "<group>"; };
		B5929200223D48E400501F22 /* MusicModel.swift */ = {isa = PBXFileReference; lastKnownFileType = sourcecode.swift; path = MusicModel.swift; sourceTree = "<group>"; };
		B5929202223DF74600501F22 /* FavoriteSongsTable.swift */ = {isa = PBXFileReference; lastKnownFileType = sourcecode.swift; path = FavoriteSongsTable.swift; sourceTree = "<group>"; };
		B5B0CC2722408B0D000E8972 /* CustomMusicPlayerController.swift */ = {isa = PBXFileReference; lastKnownFileType = sourcecode.swift; path = CustomMusicPlayerController.swift; sourceTree = "<group>"; };
		B5B0CC2D2240BBFF000E8972 /* CommentsTableViewController.swift */ = {isa = PBXFileReference; lastKnownFileType = sourcecode.swift; path = CommentsTableViewController.swift; sourceTree = "<group>"; };
		B5B0CC2F2241F71B000E8972 /* HistoryRecordTableViewController.swift */ = {isa = PBXFileReference; lastKnownFileType = sourcecode.swift; path = HistoryRecordTableViewController.swift; sourceTree = "<group>"; };
		B5B0CC33224234FF000E8972 /* Tools.swift */ = {isa = PBXFileReference; lastKnownFileType = sourcecode.swift; path = Tools.swift; sourceTree = "<group>"; };
		B5EE3276224370F200D5659C /* 曹操.jpg */ = {isa = PBXFileReference; lastKnownFileType = image.jpeg; path = "曹操.jpg"; sourceTree = "<group>"; };
		B5EE32782243721200D5659C /* 孤岛.jpg */ = {isa = PBXFileReference; lastKnownFileType = image.jpeg; path = "孤岛.jpg"; sourceTree = "<group>"; };
		B5EE32792243721200D5659C /* 不将就.jpg */ = {isa = PBXFileReference; lastKnownFileType = image.jpeg; path = "不将就.jpg"; sourceTree = "<group>"; };
		B5EE327A2243721200D5659C /* 2U.jpg */ = {isa = PBXFileReference; lastKnownFileType = image.jpeg; path = 2U.jpg; sourceTree = "<group>"; };
		B5EE32802243A6E500D5659C /* 粤语.jpg */ = {isa = PBXFileReference; lastKnownFileType = image.jpeg; path = "粤语.jpg"; sourceTree = "<group>"; };
		B5EE32812243A6E500D5659C /* 抖音.jpg */ = {isa = PBXFileReference; lastKnownFileType = image.jpeg; path = "抖音.jpg"; sourceTree = "<group>"; };
		B5EE32842243A73F00D5659C /* 粤语2.jpg */ = {isa = PBXFileReference; lastKnownFileType = image.jpeg; path = "粤语2.jpg"; sourceTree = "<group>"; };
		B5EE32852243A73F00D5659C /* 抖音2.jpg */ = {isa = PBXFileReference; lastKnownFileType = image.jpeg; path = "抖音2.jpg"; sourceTree = "<group>"; };
		B5EE32882243AF7A00D5659C /* 地球.jpg */ = {isa = PBXFileReference; lastKnownFileType = image.jpeg; path = "地球.jpg"; sourceTree = "<group>"; };
		B5EE32892243AF7A00D5659C /* 星空背景.jpg */ = {isa = PBXFileReference; lastKnownFileType = image.jpeg; path = "星空背景.jpg"; sourceTree = "<group>"; };
		B5EE328D2243B12800D5659C /* MOBFoundation.framework */ = {isa = PBXFileReference; lastKnownFileType = wrapper.framework; path = MOBFoundation.framework; sourceTree = "<group>"; };
		B5EE32922243B12800D5659C /* WXApi.h */ = {isa = PBXFileReference; fileEncoding = 4; lastKnownFileType = sourcecode.c.h; path = WXApi.h; sourceTree = "<group>"; };
		B5EE32932243B12800D5659C /* WXApiObject.h */ = {isa = PBXFileReference; fileEncoding = 4; lastKnownFileType = sourcecode.c.h; path = WXApiObject.h; sourceTree = "<group>"; };
		B5EE32942243B12800D5659C /* README.txt */ = {isa = PBXFileReference; fileEncoding = 4; lastKnownFileType = text; path = README.txt; sourceTree = "<group>"; };
		B5EE32952243B12800D5659C /* WechatAuthSDK.h */ = {isa = PBXFileReference; fileEncoding = 4; lastKnownFileType = sourcecode.c.h; path = WechatAuthSDK.h; sourceTree = "<group>"; };
		B5EE32962243B12800D5659C /* libWeChatSDK.a */ = {isa = PBXFileReference; lastKnownFileType = archive.ar; path = libWeChatSDK.a; sourceTree = "<group>"; };
		B5EE32982243B12800D5659C /* ShareSDKConnector.framework */ = {isa = PBXFileReference; lastKnownFileType = wrapper.framework; path = ShareSDKConnector.framework; sourceTree = "<group>"; };
		B5EE32992243B12800D5659C /* ShareSDK.bundle */ = {isa = PBXFileReference; lastKnownFileType = "wrapper.plug-in"; path = ShareSDK.bundle; sourceTree = "<group>"; };
		B5EE329B2243B12800D5659C /* ShareSDKUI.bundle */ = {isa = PBXFileReference; lastKnownFileType = "wrapper.plug-in"; path = ShareSDKUI.bundle; sourceTree = "<group>"; };
		B5EE329C2243B12800D5659C /* ShareSDKExtension.framework */ = {isa = PBXFileReference; lastKnownFileType = wrapper.framework; path = ShareSDKExtension.framework; sourceTree = "<group>"; };
		B5EE329D2243B12800D5659C /* ShareSDKUI.framework */ = {isa = PBXFileReference; lastKnownFileType = wrapper.framework; path = ShareSDKUI.framework; sourceTree = "<group>"; };
		B5EE329F2243B12800D5659C /* WechatConnector.framework */ = {isa = PBXFileReference; lastKnownFileType = wrapper.framework; path = WechatConnector.framework; sourceTree = "<group>"; };
		B5EE32A02243B12800D5659C /* ShareSDK.framework */ = {isa = PBXFileReference; lastKnownFileType = wrapper.framework; path = ShareSDK.framework; sourceTree = "<group>"; };
		B5EE32AB2243B17700D5659C /* libicucore.tbd */ = {isa = PBXFileReference; lastKnownFileType = "sourcecode.text-based-dylib-definition"; name = libicucore.tbd; path = usr/lib/libicucore.tbd; sourceTree = SDKROOT; };
		B5EE32AD2243B18400D5659C /* libz.tbd */ = {isa = PBXFileReference; lastKnownFileType = "sourcecode.text-based-dylib-definition"; name = libz.tbd; path = usr/lib/libz.tbd; sourceTree = SDKROOT; };
		B5EE32AF2243B19600D5659C /* libc++.tbd */ = {isa = PBXFileReference; lastKnownFileType = "sourcecode.text-based-dylib-definition"; name = "libc++.tbd"; path = "usr/lib/libc++.tbd"; sourceTree = SDKROOT; };
		B5EE32B12243B1A200D5659C /* JavaScriptCore.framework */ = {isa = PBXFileReference; lastKnownFileType = wrapper.framework; name = JavaScriptCore.framework; path = System/Library/Frameworks/JavaScriptCore.framework; sourceTree = SDKROOT; };
/* End PBXFileReference section */

/* Begin PBXFrameworksBuildPhase section */
		B59291A8223D13B000501F22 /* Frameworks */ = {
			isa = PBXFrameworksBuildPhase;
			buildActionMask = 2147483647;
			files = (
				B5EE32B22243B1A200D5659C /* JavaScriptCore.framework in Frameworks */,
				B5EE32B02243B19600D5659C /* libc++.tbd in Frameworks */,
				B5EE32AE2243B18400D5659C /* libz.tbd in Frameworks */,
				B5EE32AC2243B17700D5659C /* libicucore.tbd in Frameworks */,
				B5EE32A12243B12800D5659C /* MOBFoundation.framework in Frameworks */,
				B5EE32A92243B12800D5659C /* WechatConnector.framework in Frameworks */,
				B5EE32A82243B12800D5659C /* ShareSDKUI.framework in Frameworks */,
				B5EE32AA2243B12800D5659C /* ShareSDK.framework in Frameworks */,
				B59291EB223D17D400501F22 /* AVFoundation.framework in Frameworks */,
				B5EE32A72243B12800D5659C /* ShareSDKExtension.framework in Frameworks */,
				B5EE32A32243B12800D5659C /* libWeChatSDK.a in Frameworks */,
				B5EE32A42243B12800D5659C /* ShareSDKConnector.framework in Frameworks */,
			);
			runOnlyForDeploymentPostprocessing = 0;
		};
/* End PBXFrameworksBuildPhase section */

/* Begin PBXGroup section */
		B59291A2223D13B000501F22 = {
			isa = PBXGroup;
			children = (
				B59291AD223D13B000501F22 /* Music */,
				B59291AC223D13B000501F22 /* Products */,
				B59291E9223D17D400501F22 /* Frameworks */,
			);
			sourceTree = "<group>";
		};
		B59291AC223D13B000501F22 /* Products */ = {
			isa = PBXGroup;
			children = (
				B59291AB223D13B000501F22 /* Music.app */,
			);
			name = Products;
			sourceTree = "<group>";
		};
		B59291AD223D13B000501F22 /* Music */ = {
			isa = PBXGroup;
			children = (
				B59291C0223D13C000501F22 /* Supporting files */,
				B59291B2223D13B000501F22 /* Main.storyboard */,
				B5B0CC2F2241F71B000E8972 /* HistoryRecordTableViewController.swift */,
				B5B0CC2D2240BBFF000E8972 /* CommentsTableViewController.swift */,
				B5B0CC2722408B0D000E8972 /* CustomMusicPlayerController.swift */,
				B53C11C3223FD0320083AF76 /* MusicListViewController.swift */,
				B5929200223D48E400501F22 /* MusicModel.swift */,
				B59291EC223D182D00501F22 /* MusicPlayer.swift */,
				B5929202223DF74600501F22 /* FavoriteSongsTable.swift */,
				B5B0CC33224234FF000E8972 /* Tools.swift */,
				B59291B5223D13B000501F22 /* Assets.xcassets */,
				B59291BA223D13B000501F22 /* Info.plist */,
			);
			path = Music;
			sourceTree = "<group>";
		};
		B59291C0223D13C000501F22 /* Supporting files */ = {
			isa = PBXGroup;
			children = (
				B5EE328C2243B12700D5659C /* Required */,
				B5EE328E2243B12800D5659C /* ShareSDK */,
				B59291C2223D13D000501F22 /* 曹操.mp3 */,
				B5EE32852243A73F00D5659C /* 抖音2.jpg */,
				B5EE32842243A73F00D5659C /* 粤语2.jpg */,
				B5EE3276224370F200D5659C /* 曹操.jpg */,
				B59291C1223D13CF00501F22 /* 不将就.mp3 */,
				B5EE32812243A6E500D5659C /* 抖音.jpg */,
				B5EE32802243A6E500D5659C /* 粤语.jpg */,
				B5EE327A2243721200D5659C /* 2U.jpg */,
				B5EE32792243721200D5659C /* 不将就.jpg */,
				B5EE32782243721200D5659C /* 孤岛.jpg */,
				B59291C3223D13D000501F22 /* 孤岛.mp3 */,
				B59291C4223D13D100501F22 /* 2U.mp3 */,
				B5EE32882243AF7A00D5659C /* 地球.jpg */,
				B5EE32892243AF7A00D5659C /* 星空背景.jpg */,
				B59291AE223D13B000501F22 /* AppDelegate.swift */,
				B59291B7223D13B000501F22 /* LaunchScreen.storyboard */,
			);
			path = "Supporting files";
			sourceTree = "<group>";
		};
		B59291E9223D17D400501F22 /* Frameworks */ = {
			isa = PBXGroup;
			children = (
				B5EE32B12243B1A200D5659C /* JavaScriptCore.framework */,
				B5EE32AF2243B19600D5659C /* libc++.tbd */,
				B5EE32AD2243B18400D5659C /* libz.tbd */,
				B5EE32AB2243B17700D5659C /* libicucore.tbd */,
				B59291EA223D17D400501F22 /* AVFoundation.framework */,
			);
			name = Frameworks;
			sourceTree = "<group>";
		};
		B5EE328C2243B12700D5659C /* Required */ = {
			isa = PBXGroup;
			children = (
				B5EE328D2243B12800D5659C /* MOBFoundation.framework */,
			);
			path = Required;
			sourceTree = "<group>";
		};
		B5EE328E2243B12800D5659C /* ShareSDK */ = {
			isa = PBXGroup;
			children = (
				B5EE328F2243B12800D5659C /* Support */,
				B5EE32A02243B12800D5659C /* ShareSDK.framework */,
			);
			path = ShareSDK;
			sourceTree = "<group>";
		};
		B5EE328F2243B12800D5659C /* Support */ = {
			isa = PBXGroup;
			children = (
				B5EE32902243B12800D5659C /* PlatformSDK */,
				B5EE32972243B12800D5659C /* Required */,
				B5EE329A2243B12800D5659C /* Optional */,
				B5EE329E2243B12800D5659C /* PlatformConnector */,
			);
			path = Support;
			sourceTree = "<group>";
		};
		B5EE32902243B12800D5659C /* PlatformSDK */ = {
			isa = PBXGroup;
			children = (
				B5EE32912243B12800D5659C /* WeChatSDK */,
			);
			path = PlatformSDK;
			sourceTree = "<group>";
		};
		B5EE32912243B12800D5659C /* WeChatSDK */ = {
			isa = PBXGroup;
			children = (
				B5EE32922243B12800D5659C /* WXApi.h */,
				B5EE32932243B12800D5659C /* WXApiObject.h */,
				B5EE32942243B12800D5659C /* README.txt */,
				B5EE32952243B12800D5659C /* WechatAuthSDK.h */,
				B5EE32962243B12800D5659C /* libWeChatSDK.a */,
			);
			path = WeChatSDK;
			sourceTree = "<group>";
		};
		B5EE32972243B12800D5659C /* Required */ = {
			isa = PBXGroup;
			children = (
				B5EE32982243B12800D5659C /* ShareSDKConnector.framework */,
				B5EE32992243B12800D5659C /* ShareSDK.bundle */,
			);
			path = Required;
			sourceTree = "<group>";
		};
		B5EE329A2243B12800D5659C /* Optional */ = {
			isa = PBXGroup;
			children = (
				B5EE329B2243B12800D5659C /* ShareSDKUI.bundle */,
				B5EE329C2243B12800D5659C /* ShareSDKExtension.framework */,
				B5EE329D2243B12800D5659C /* ShareSDKUI.framework */,
			);
			path = Optional;
			sourceTree = "<group>";
		};
		B5EE329E2243B12800D5659C /* PlatformConnector */ = {
			isa = PBXGroup;
			children = (
				B5EE329F2243B12800D5659C /* WechatConnector.framework */,
			);
			path = PlatformConnector;
			sourceTree = "<group>";
		};
/* End PBXGroup section */

/* Begin PBXNativeTarget section */
		B59291AA223D13B000501F22 /* Music */ = {
			isa = PBXNativeTarget;
			buildConfigurationList = B59291BD223D13B000501F22 /* Build configuration list for PBXNativeTarget "Music" */;
			buildPhases = (
				B59291A7223D13B000501F22 /* Sources */,
				B59291A8223D13B000501F22 /* Frameworks */,
				B59291A9223D13B000501F22 /* Resources */,
			);
			buildRules = (
			);
			dependencies = (
			);
			name = Music;
			productName = Music;
			productReference = B59291AB223D13B000501F22 /* Music.app */;
			productType = "com.apple.product-type.application";
		};
/* End PBXNativeTarget section */

/* Begin PBXProject section */
		B59291A3223D13B000501F22 /* Project object */ = {
			isa = PBXProject;
			attributes = {
				LastSwiftUpdateCheck = 1000;
				LastUpgradeCheck = 1000;
				ORGANIZATIONNAME = "无敌帅的yyyy";
				TargetAttributes = {
					B59291AA223D13B000501F22 = {
						CreatedOnToolsVersion = 10.0;
						SystemCapabilities = {
							com.apple.Keychain = {
								enabled = 0;
							};
						};
					};
				};
			};
			buildConfigurationList = B59291A6223D13B000501F22 /* Build configuration list for PBXProject "Music" */;
			compatibilityVersion = "Xcode 9.3";
			developmentRegion = en;
			hasScannedForEncodings = 0;
			knownRegions = (
				en,
				Base,
			);
			mainGroup = B59291A2223D13B000501F22;
			productRefGroup = B59291AC223D13B000501F22 /* Products */;
			projectDirPath = "";
			projectRoot = "";
			targets = (
				B59291AA223D13B000501F22 /* Music */,
			);
		};
/* End PBXProject section */

/* Begin PBXResourcesBuildPhase section */
		B59291A9223D13B000501F22 /* Resources */ = {
			isa = PBXResourcesBuildPhase;
			buildActionMask = 2147483647;
			files = (
				B5EE32872243A73F00D5659C /* 抖音2.jpg in Resources */,
				B5EE327B2243721200D5659C /* 孤岛.jpg in Resources */,
				B5EE32A52243B12800D5659C /* ShareSDK.bundle in Resources */,
				B5EE328B2243AF7A00D5659C /* 星空背景.jpg in Resources */,
				B5EE3277224370F200D5659C /* 曹操.jpg in Resources */,
				B59291C6223D13D100501F22 /* 曹操.mp3 in Resources */,
				B59291B9223D13B000501F22 /* LaunchScreen.storyboard in Resources */,
				B5EE32822243A6E500D5659C /* 粤语.jpg in Resources */,
				B59291B6223D13B000501F22 /* Assets.xcassets in Resources */,
				B59291C8223D13D100501F22 /* 2U.mp3 in Resources */,
				B5EE328A2243AF7A00D5659C /* 地球.jpg in Resources */,
				B5EE32A22243B12800D5659C /* README.txt in Resources */,
				B5EE32A62243B12800D5659C /* ShareSDKUI.bundle in Resources */,
				B5EE327D2243721200D5659C /* 2U.jpg in Resources */,
				B5EE32862243A73F00D5659C /* 粤语2.jpg in Resources */,
				B59291C5223D13D100501F22 /* 不将就.mp3 in Resources */,
				B5EE32832243A6E500D5659C /* 抖音.jpg in Resources */,
				B59291C7223D13D100501F22 /* 孤岛.mp3 in Resources */,
				B59291B4223D13B000501F22 /* Main.storyboard in Resources */,
				B5EE327C2243721200D5659C /* 不将就.jpg in Resources */,
			);
			runOnlyForDeploymentPostprocessing = 0;
		};
/* End PBXResourcesBuildPhase section */

/* Begin PBXSourcesBuildPhase section */
		B59291A7223D13B000501F22 /* Sources */ = {
			isa = PBXSourcesBuildPhase;
			buildActionMask = 2147483647;
			files = (
				B59291AF223D13B000501F22 /* AppDelegate.swift in Sources */,
				B5929203223DF74600501F22 /* FavoriteSongsTable.swift in Sources */,
				B59291ED223D182D00501F22 /* MusicPlayer.swift in Sources */,
				B5B0CC2822408B0D000E8972 /* CustomMusicPlayerController.swift in Sources */,
				B5929201223D48E400501F22 /* MusicModel.swift in Sources */,
				B5B0CC302241F71B000E8972 /* HistoryRecordTableViewController.swift in Sources */,
				B53C11C4223FD0320083AF76 /* MusicListViewController.swift in Sources */,
				B5B0CC2E2240BBFF000E8972 /* CommentsTableViewController.swift in Sources */,
				B5B0CC34224234FF000E8972 /* Tools.swift in Sources */,
			);
			runOnlyForDeploymentPostprocessing = 0;
		};
/* End PBXSourcesBuildPhase section */

/* Begin PBXVariantGroup section */
		B59291B2223D13B000501F22 /* Main.storyboard */ = {
			isa = PBXVariantGroup;
			children = (
				B59291B3223D13B000501F22 /* Base */,
			);
			name = Main.storyboard;
			sourceTree = "<group>";
		};
		B59291B7223D13B000501F22 /* LaunchScreen.storyboard */ = {
			isa = PBXVariantGroup;
			children = (
				B59291B8223D13B000501F22 /* Base */,
			);
			name = LaunchScreen.storyboard;
			sourceTree = "<group>";
		};
/* End PBXVariantGroup section */

/* Begin XCBuildConfiguration section */
		B59291BB223D13B000501F22 /* Debug */ = {
			isa = XCBuildConfiguration;
			buildSettings = {
				ALWAYS_SEARCH_USER_PATHS = NO;
				CLANG_ANALYZER_NONNULL = YES;
				CLANG_ANALYZER_NUMBER_OBJECT_CONVERSION = YES_AGGRESSIVE;
				CLANG_CXX_LANGUAGE_STANDARD = "gnu++14";
				CLANG_CXX_LIBRARY = "libc++";
				CLANG_ENABLE_MODULES = YES;
				CLANG_ENABLE_OBJC_ARC = YES;
				CLANG_ENABLE_OBJC_WEAK = YES;
				CLANG_WARN_BLOCK_CAPTURE_AUTORELEASING = YES;
				CLANG_WARN_BOOL_CONVERSION = YES;
				CLANG_WARN_COMMA = YES;
				CLANG_WARN_CONSTANT_CONVERSION = YES;
				CLANG_WARN_DEPRECATED_OBJC_IMPLEMENTATIONS = YES;
				CLANG_WARN_DIRECT_OBJC_ISA_USAGE = YES_ERROR;
				CLANG_WARN_DOCUMENTATION_COMMENTS = YES;
				CLANG_WARN_EMPTY_BODY = YES;
				CLANG_WARN_ENUM_CONVERSION = YES;
				CLANG_WARN_INFINITE_RECURSION = YES;
				CLANG_WARN_INT_CONVERSION = YES;
				CLANG_WARN_NON_LITERAL_NULL_CONVERSION = YES;
				CLANG_WARN_OBJC_IMPLICIT_RETAIN_SELF = YES;
				CLANG_WARN_OBJC_LITERAL_CONVERSION = YES;
				CLANG_WARN_OBJC_ROOT_CLASS = YES_ERROR;
				CLANG_WARN_RANGE_LOOP_ANALYSIS = YES;
				CLANG_WARN_STRICT_PROTOTYPES = YES;
				CLANG_WARN_SUSPICIOUS_MOVE = YES;
				CLANG_WARN_UNGUARDED_AVAILABILITY = YES_AGGRESSIVE;
				CLANG_WARN_UNREACHABLE_CODE = YES;
				CLANG_WARN__DUPLICATE_METHOD_MATCH = YES;
				CODE_SIGN_IDENTITY = "iPhone Developer";
				COPY_PHASE_STRIP = NO;
				DEBUG_INFORMATION_FORMAT = dwarf;
				ENABLE_STRICT_OBJC_MSGSEND = YES;
				ENABLE_TESTABILITY = YES;
				GCC_C_LANGUAGE_STANDARD = gnu11;
				GCC_DYNAMIC_NO_PIC = NO;
				GCC_NO_COMMON_BLOCKS = YES;
				GCC_OPTIMIZATION_LEVEL = 0;
				GCC_PREPROCESSOR_DEFINITIONS = (
					"DEBUG=1",
					"$(inherited)",
				);
				GCC_WARN_64_TO_32_BIT_CONVERSION = YES;
				GCC_WARN_ABOUT_RETURN_TYPE = YES_ERROR;
				GCC_WARN_UNDECLARED_SELECTOR = YES;
				GCC_WARN_UNINITIALIZED_AUTOS = YES_AGGRESSIVE;
				GCC_WARN_UNUSED_FUNCTION = YES;
				GCC_WARN_UNUSED_VARIABLE = YES;
				IPHONEOS_DEPLOYMENT_TARGET = 12.0;
				MTL_ENABLE_DEBUG_INFO = INCLUDE_SOURCE;
				MTL_FAST_MATH = YES;
				ONLY_ACTIVE_ARCH = YES;
				SDKROOT = iphoneos;
				SWIFT_ACTIVE_COMPILATION_CONDITIONS = DEBUG;
				SWIFT_OPTIMIZATION_LEVEL = "-Onone";
			};
			name = Debug;
		};
		B59291BC223D13B000501F22 /* Release */ = {
			isa = XCBuildConfiguration;
			buildSettings = {
				ALWAYS_SEARCH_USER_PATHS = NO;
				CLANG_ANALYZER_NONNULL = YES;
				CLANG_ANALYZER_NUMBER_OBJECT_CONVERSION = YES_AGGRESSIVE;
				CLANG_CXX_LANGUAGE_STANDARD = "gnu++14";
				CLANG_CXX_LIBRARY = "libc++";
				CLANG_ENABLE_MODULES = YES;
				CLANG_ENABLE_OBJC_ARC = YES;
				CLANG_ENABLE_OBJC_WEAK = YES;
				CLANG_WARN_BLOCK_CAPTURE_AUTORELEASING = YES;
				CLANG_WARN_BOOL_CONVERSION = YES;
				CLANG_WARN_COMMA = YES;
				CLANG_WARN_CONSTANT_CONVERSION = YES;
				CLANG_WARN_DEPRECATED_OBJC_IMPLEMENTATIONS = YES;
				CLANG_WARN_DIRECT_OBJC_ISA_USAGE = YES_ERROR;
				CLANG_WARN_DOCUMENTATION_COMMENTS = YES;
				CLANG_WARN_EMPTY_BODY = YES;
				CLANG_WARN_ENUM_CONVERSION = YES;
				CLANG_WARN_INFINITE_RECURSION = YES;
				CLANG_WARN_INT_CONVERSION = YES;
				CLANG_WARN_NON_LITERAL_NULL_CONVERSION = YES;
				CLANG_WARN_OBJC_IMPLICIT_RETAIN_SELF = YES;
				CLANG_WARN_OBJC_LITERAL_CONVERSION = YES;
				CLANG_WARN_OBJC_ROOT_CLASS = YES_ERROR;
				CLANG_WARN_RANGE_LOOP_ANALYSIS = YES;
				CLANG_WARN_STRICT_PROTOTYPES = YES;
				CLANG_WARN_SUSPICIOUS_MOVE = YES;
				CLANG_WARN_UNGUARDED_AVAILABILITY = YES_AGGRESSIVE;
				CLANG_WARN_UNREACHABLE_CODE = YES;
				CLANG_WARN__DUPLICATE_METHOD_MATCH = YES;
				CODE_SIGN_IDENTITY = "iPhone Developer";
				COPY_PHASE_STRIP = NO;
				DEBUG_INFORMATION_FORMAT = "dwarf-with-dsym";
				ENABLE_NS_ASSERTIONS = NO;
				ENABLE_STRICT_OBJC_MSGSEND = YES;
				GCC_C_LANGUAGE_STANDARD = gnu11;
				GCC_NO_COMMON_BLOCKS = YES;
				GCC_WARN_64_TO_32_BIT_CONVERSION = YES;
				GCC_WARN_ABOUT_RETURN_TYPE = YES_ERROR;
				GCC_WARN_UNDECLARED_SELECTOR = YES;
				GCC_WARN_UNINITIALIZED_AUTOS = YES_AGGRESSIVE;
				GCC_WARN_UNUSED_FUNCTION = YES;
				GCC_WARN_UNUSED_VARIABLE = YES;
				IPHONEOS_DEPLOYMENT_TARGET = 12.0;
				MTL_ENABLE_DEBUG_INFO = NO;
				MTL_FAST_MATH = YES;
				SDKROOT = iphoneos;
				SWIFT_COMPILATION_MODE = wholemodule;
				SWIFT_OPTIMIZATION_LEVEL = "-O";
				VALIDATE_PRODUCT = YES;
			};
			name = Release;
		};
		B59291BE223D13B000501F22 /* Debug */ = {
			isa = XCBuildConfiguration;
			buildSettings = {
				ASSETCATALOG_COMPILER_APPICON_NAME = AppIcon;
				CODE_SIGN_STYLE = Automatic;
				DEVELOPMENT_TEAM = 8L7M35DL93;
				FRAMEWORK_SEARCH_PATHS = (
					"$(inherited)",
					"$(PROJECT_DIR)/Music/Supporting\\ files/Required",
					"$(PROJECT_DIR)/Music/Supporting\\ files/ShareSDK/Support/Required",
					"$(PROJECT_DIR)/Music/Supporting\\ files/ShareSDK/Support/Optional",
					"$(PROJECT_DIR)/Music/Supporting\\ files/ShareSDK/Support/Optional",
					"$(PROJECT_DIR)/Music/Supporting\\ files/ShareSDK/Support/PlatformConnector",
					"$(PROJECT_DIR)/Music/Supporting\\ files/ShareSDK",
				);
				INFOPLIST_FILE = Music/Info.plist;
				IPHONEOS_DEPLOYMENT_TARGET = 11.0;
				LD_RUNPATH_SEARCH_PATHS = (
					"$(inherited)",
					"@executable_path/Frameworks",
				);
				LIBRARY_SEARCH_PATHS = (
					"$(inherited)",
					"$(PROJECT_DIR)/Music/Supporting\\ files/ShareSDK/Support/PlatformSDK/WeChatSDK",
				);
				OTHER_LDFLAGS = "-objc";
				PRODUCT_BUNDLE_IDENTIFIER = tony2.Music;
				PRODUCT_NAME = "$(TARGET_NAME)";
				SWIFT_VERSION = 4.2;
				TARGETED_DEVICE_FAMILY = "1,2";
			};
			name = Debug;
		};
		B59291BF223D13B000501F22 /* Release */ = {
			isa = XCBuildConfiguration;
			buildSettings = {
				ASSETCATALOG_COMPILER_APPICON_NAME = AppIcon;
				CODE_SIGN_STYLE = Automatic;
				DEVELOPMENT_TEAM = 8L7M35DL93;
				FRAMEWORK_SEARCH_PATHS = (
					"$(inherited)",
					"$(PROJECT_DIR)/Music/Supporting\\ files/Required",
					"$(PROJECT_DIR)/Music/Supporting\\ files/ShareSDK/Support/Required",
					"$(PROJECT_DIR)/Music/Supporting\\ files/ShareSDK/Support/Optional",
					"$(PROJECT_DIR)/Music/Supporting\\ files/ShareSDK/Support/Optional",
					"$(PROJECT_DIR)/Music/Supporting\\ files/ShareSDK/Support/PlatformConnector",
					"$(PROJECT_DIR)/Music/Supporting\\ files/ShareSDK",
				);
				INFOPLIST_FILE = Music/Info.plist;
				IPHONEOS_DEPLOYMENT_TARGET = 11.0;
				LD_RUNPATH_SEARCH_PATHS = (
					"$(inherited)",
					"@executable_path/Frameworks",
				);
				LIBRARY_SEARCH_PATHS = (
					"$(inherited)",
					"$(PROJECT_DIR)/Music/Supporting\\ files/ShareSDK/Support/PlatformSDK/WeChatSDK",
				);
				OTHER_LDFLAGS = "-objc";
				PRODUCT_BUNDLE_IDENTIFIER = tony2.Music;
				PRODUCT_NAME = "$(TARGET_NAME)";
				SWIFT_VERSION = 4.2;
				TARGETED_DEVICE_FAMILY = "1,2";
			};
			name = Release;
		};
/* End XCBuildConfiguration section */

/* Begin XCConfigurationList section */
		B59291A6223D13B000501F22 /* Build configuration list for PBXProject "Music" */ = {
			isa = XCConfigurationList;
			buildConfigurations = (
				B59291BB223D13B000501F22 /* Debug */,
				B59291BC223D13B000501F22 /* Release */,
			);
			defaultConfigurationIsVisible = 0;
			defaultConfigurationName = Release;
		};
		B59291BD223D13B000501F22 /* Build configuration list for PBXNativeTarget "Music" */ = {
			isa = XCConfigurationList;
			buildConfigurations = (
				B59291BE223D13B000501F22 /* Debug */,
				B59291BF223D13B000501F22 /* Release */,
			);
			defaultConfigurationIsVisible = 0;
			defaultConfigurationName = Release;
		};
/* End XCConfigurationList section */
	};
	rootObject = B59291A3223D13B000501F22 /* Project object */;
}
